<?xml version="1.0" encoding="utf-8"?>
<Project ToolsVersion="4.0" xmlns="http://schemas.microsoft.com/developer/msbuild/2003">
  <ItemGroup>
    <Filter Include="Resource Files">
      <UniqueIdentifier>{1a913106-0be0-4476-b0ce-2aa855072614}</UniqueIdentifier>
      <Extensions>ico;cur;bmp;dlg;rc2;rct;bin;cnt;rtf;gif;jpg;jpeg;jpe</Extensions>
    </Filter>
    <Filter Include="MFC">
      <UniqueIdentifier>{da904ee8-7f59-4a6c-b3ff-b91b6fb6d0ea}</UniqueIdentifier>
    </Filter>
    <Filter Include="GameLibrary">
      <UniqueIdentifier>{df7aa532-3fdf-46a0-b3fc-8f5922e8d9e4}</UniqueIdentifier>
    </Filter>
    <Filter Include="MyGame">
      <UniqueIdentifier>{0c798913-b7d2-4e26-8241-0f83266cd626}</UniqueIdentifier>
    </Filter>
  </ItemGroup>
  <ItemGroup>
    <None Include="RES\bmp0.bmp">
      <Filter>Resource Files</Filter>
    </None>
    <None Include="RES\bmp1.bmp">
      <Filter>Resource Files</Filter>
    </None>
    <None Include="RES\bmp10.bmp">
      <Filter>Resource Files</Filter>
    </None>
    <None Include="RES\bmp2.bmp">
      <Filter>Resource Files</Filter>
    </None>
    <None Include="RES\bmp3.bmp">
      <Filter>Resource Files</Filter>
    </None>
    <None Include="RES\bmp4.bmp">
      <Filter>Resource Files</Filter>
    </None>
    <None Include="RES\bmp5.bmp">
      <Filter>Resource Files</Filter>
    </None>
    <None Include="RES\bmp6.bmp">
      <Filter>Resource Files</Filter>
    </None>
    <None Include="RES\bmp7.bmp">
      <Filter>Resource Files</Filter>
    </None>
    <None Include="RES\bmp8.bmp">
      <Filter>Resource Files</Filter>
    </None>
    <None Include="RES\bmp9.bmp">
      <Filter>Resource Files</Filter>
    </None>
    <None Include="RES\continue.bmp">
      <Filter>Resource Files</Filter>
    </None>
    <None Include="Res\corner.bmp">
      <Filter>Resource Files</Filter>
    </None>
    <None Include="res\game.ico">
      <Filter>Resource Files</Filter>
    </None>
    <None Include="res\game.rc2">
      <Filter>Resource Files</Filter>
    </None>
    <None Include="RES\gamecurs.cur">
      <Filter>Resource Files</Filter>
    </None>
    <None Include="res\gameDoc.ico">
      <Filter>Resource Files</Filter>
    </None>
    <None Include="RES\help.bmp">
      <Filter>Resource Files</Filter>
    </None>
    <None Include="RES\loading.bmp">
      <Filter>Resource Files</Filter>
    </None>
    <None Include="res\Toolbar.bmp">
      <Filter>Resource Files</Filter>
    </None>
  </ItemGroup>
  <ItemGroup>
    <ClCompile Include="Source\audio.cpp">
      <Filter>GameLibrary</Filter>
    </ClCompile>
    <ClCompile Include="Source\game.cpp">
      <Filter>MFC</Filter>
    </ClCompile>
    <ClCompile Include="Source\gameDoc.cpp">
      <Filter>MFC</Filter>
    </ClCompile>
    <ClCompile Include="Source\gamelib.cpp">
      <Filter>GameLibrary</Filter>
    </ClCompile>
    <ClCompile Include="Source\gameView.cpp">
      <Filter>MFC</Filter>
    </ClCompile>
    <ClCompile Include="Source\MainFrm.cpp">
      <Filter>MFC</Filter>
    </ClCompile>
    <ClCompile Include="Source\StdAfx.cpp">
      <Filter>MFC</Filter>
    </ClCompile>
    <ClCompile Include="Source\mygame.cpp">
      <Filter>MyGame</Filter>
    </ClCompile>
    <ClCompile Include="Source\CWall.cpp">
      <Filter>MyGame</Filter>
    </ClCompile>
    <ClCompile Include="Source\CGround.cpp">
      <Filter>MyGame</Filter>
    </ClCompile>
    <ClCompile Include="Source\CPlayer.cpp">
      <Filter>MyGame</Filter>
    </ClCompile>
    <ClCompile Include="Source\CStone.cpp">
      <Filter>MyGame</Filter>
    </ClCompile>
    <ClCompile Include="Source\CMud.cpp">
      <Filter>MyGame</Filter>
    </ClCompile>
    <ClCompile Include="Source\CBrick.cpp">
      <Filter>MyGame</Filter>
    </ClCompile>
    <ClCompile Include="Source\CWooden.cpp">
      <Filter>MyGame</Filter>
    </ClCompile>
    <ClCompile Include="Source\CSteel.cpp">
      <Filter>MyGame</Filter>
    </ClCompile>
    <ClCompile Include="Source\CMap.cpp">
      <Filter>MyGame</Filter>
    </ClCompile>
    <ClCompile Include="Source\CFood.cpp">
      <Filter>MyGame</Filter>
    </ClCompile>
    <ClCompile Include="Source\CMonster.cpp">
      <Filter>MyGame</Filter>
    </ClCompile>
    <ClCompile Include="Source\CTurtle.cpp">
      <Filter>MyGame</Filter>
    </ClCompile>
    <ClCompile Include="Source\CShareData.cpp">
      <Filter>MyGame</Filter>
    </ClCompile>
  </ItemGroup>
  <ItemGroup>
    <ClInclude Include="Source\audio.h">
      <Filter>GameLibrary</Filter>
    </ClInclude>
    <ClInclude Include="Source\game.h">
      <Filter>MFC</Filter>
    </ClInclude>
    <ClInclude Include="Source\gameDoc.h">
      <Filter>MFC</Filter>
    </ClInclude>
    <ClInclude Include="Source\gamelib.h">
      <Filter>GameLibrary</Filter>
    </ClInclude>
    <ClInclude Include="Source\gameView.h">
      <Filter>MFC</Filter>
    </ClInclude>
    <ClInclude Include="Source\MainFrm.h">
      <Filter>MFC</Filter>
    </ClInclude>
    <ClInclude Include="Source\Resource.h">
      <Filter>MFC</Filter>
    </ClInclude>
    <ClInclude Include="Source\StdAfx.h">
      <Filter>MFC</Filter>
    </ClInclude>
    <ClInclude Include="Source\mygame.h">
      <Filter>MyGame</Filter>
    </ClInclude>
    <ClInclude Include="Source\CWall.h">
      <Filter>MyGame</Filter>
    </ClInclude>
    <ClInclude Include="Source\CGround.h">
      <Filter>MyGame</Filter>
    </ClInclude>
    <ClInclude Include="Source\CPlayer.h">
      <Filter>MyGame</Filter>
    </ClInclude>
    <ClInclude Include="Source\CName.h">
      <Filter>MyGame</Filter>
    </ClInclude>
    <ClInclude Include="Source\CStone.h">
      <Filter>MyGame</Filter>
    </ClInclude>
    <ClInclude Include="Source\CDirection.h">
      <Filter>MyGame</Filter>
    </ClInclude>
    <ClInclude Include="Source\CMud.h">
      <Filter>MyGame</Filter>
    </ClInclude>
    <ClInclude Include="Source\CBrick.h">
      <Filter>MyGame</Filter>
    </ClInclude>
    <ClInclude Include="Source\CWooden.h">
      <Filter>MyGame</Filter>
    </ClInclude>
    <ClInclude Include="Source\CSteel.h">
      <Filter>MyGame</Filter>
    </ClInclude>
    <ClInclude Include="Source\CMap.h">
      <Filter>MyGame</Filter>
    </ClInclude>
    <ClInclude Include="Source\CFood.h">
      <Filter>MyGame</Filter>
    </ClInclude>
    <ClInclude Include="Source\CMonster.h">
      <Filter>MyGame</Filter>
    </ClInclude>
    <ClInclude Include="Source\CTurtle.h">
      <Filter>MyGame</Filter>
    </ClInclude>
    <ClInclude Include="Source\CAudioId.h">
      <Filter>MyGame</Filter>
    </ClInclude>
    <ClInclude Include="Source\CShareData.h">
      <Filter>MyGame</Filter>
    </ClInclude>
  </ItemGroup>
  <ItemGroup>
    <ResourceCompile Include="Source\game.rc">
      <Filter>MFC</Filter>
    </ResourceCompile>
  </ItemGroup>
  <ItemGroup>
    <Image Include="Resources\Wall.bmp">
      <Filter>Resource Files</Filter>
    </Image>
    <Image Include="Resources\Ground.bmp">
      <Filter>Resource Files</Filter>
    </Image>
    <Image Include="Resources\player\up\player_move_up_001.bmp">
      <Filter>Resource Files</Filter>
    </Image>
    <Image Include="Resources\player\up\player_move_up_002.bmp">
      <Filter>Resource Files</Filter>
    </Image>
    <Image Include="Resources\player\up\player_move_up_003.bmp">
      <Filter>Resource Files</Filter>
    </Image>
    <Image Include="Resources\player\up\player_move_up_004.bmp">
      <Filter>Resource Files</Filter>
    </Image>
    <Image Include="Resources\player\up\player_move_up_005.bmp">
      <Filter>Resource Files</Filter>
    </Image>
    <Image Include="Resources\player\up\player_move_up_006.bmp">
      <Filter>Resource Files</Filter>
    </Image>
    <Image Include="Resources\player\up\player_move_up_007.bmp">
      <Filter>Resource Files</Filter>
    </Image>
    <Image Include="Resources\player\up\player_move_up_008.bmp">
      <Filter>Resource Files</Filter>
    </Image>
    <Image Include="Resources\player\down\player_move_down_001.bmp">
      <Filter>Resource Files</Filter>
    </Image>
    <Image Include="Resources\player\down\player_move_down_002.bmp">
      <Filter>Resource Files</Filter>
    </Image>
    <Image Include="Resources\player\down\player_move_down_003.bmp">
      <Filter>Resource Files</Filter>
    </Image>
    <Image Include="Resources\player\down\player_move_down_004.bmp">
      <Filter>Resource Files</Filter>
    </Image>
    <Image Include="Resources\player\down\player_move_down_005.bmp">
      <Filter>Resource Files</Filter>
    </Image>
    <Image Include="Resources\player\down\player_move_down_006.bmp">
      <Filter>Resource Files</Filter>
    </Image>
    <Image Include="Resources\player\down\player_move_down_007.bmp">
      <Filter>Resource Files</Filter>
    </Image>
    <Image Include="Resources\player\down\player_move_down_008.bmp">
      <Filter>Resource Files</Filter>
    </Image>
    <Image Include="Resources\player\left\player_move_left_001.bmp">
      <Filter>Resource Files</Filter>
    </Image>
    <Image Include="Resources\player\left\player_move_left_002.bmp">
      <Filter>Resource Files</Filter>
    </Image>
    <Image Include="Resources\player\left\player_move_left_003.bmp">
      <Filter>Resource Files</Filter>
    </Image>
    <Image Include="Resources\player\left\player_move_left_004.bmp">
      <Filter>Resource Files</Filter>
    </Image>
    <Image Include="Resources\player\left\player_move_left_005.bmp">
      <Filter>Resource Files</Filter>
    </Image>
    <Image Include="Resources\player\left\player_move_left_006.bmp">
      <Filter>Resource Files</Filter>
    </Image>
    <Image Include="Resources\player\left\player_move_left_007.bmp">
      <Filter>Resource Files</Filter>
    </Image>
    <Image Include="Resources\player\left\player_move_left_008.bmp">
      <Filter>Resource Files</Filter>
    </Image>
    <Image Include="Resources\player\right\player_move_right_001.bmp">
      <Filter>Resource Files</Filter>
    </Image>
    <Image Include="Resources\player\right\player_move_right_002.bmp">
      <Filter>Resource Files</Filter>
    </Image>
    <Image Include="Resources\player\right\player_move_right_003.bmp">
      <Filter>Resource Files</Filter>
    </Image>
    <Image Include="Resources\player\right\player_move_right_004.bmp">
      <Filter>Resource Files</Filter>
    </Image>
    <Image Include="Resources\player\right\player_move_right_005.bmp">
      <Filter>Resource Files</Filter>
    </Image>
    <Image Include="Resources\player\right\player_move_right_006.bmp">
      <Filter>Resource Files</Filter>
    </Image>
    <Image Include="Resources\player\right\player_move_right_007.bmp">
      <Filter>Resource Files</Filter>
    </Image>
    <Image Include="Resources\player\right\player_move_right_008.bmp">
      <Filter>Resource Files</Filter>
    </Image>
    <Image Include="Resources\brick\StoneBrick.bmp">
      <Filter>Resource Files</Filter>
    </Image>
    <Image Include="Resources\player\left_with_full\player_move_with_full_left_001.bmp">
      <Filter>Resource Files</Filter>
    </Image>
    <Image Include="Resources\player\left_with_full\player_move_with_full_left_002.bmp">
      <Filter>Resource Files</Filter>
    </Image>
    <Image Include="Resources\player\left_with_full\player_move_with_full_left_003.bmp">
      <Filter>Resource Files</Filter>
    </Image>
    <Image Include="Resources\player\left_with_full\player_move_with_full_left_004.bmp">
      <Filter>Resource Files</Filter>
    </Image>
    <Image Include="Resources\player\left_with_full\player_move_with_full_left_005.bmp">
      <Filter>Resource Files</Filter>
    </Image>
    <Image Include="Resources\player\left_with_full\player_move_with_full_left_006.bmp">
      <Filter>Resource Files</Filter>
    </Image>
    <Image Include="Resources\player\left_with_full\player_move_with_full_left_007.bmp">
      <Filter>Resource Files</Filter>
    </Image>
    <Image Include="Resources\player\left_with_full\player_move_with_full_left_008.bmp">
      <Filter>Resource Files</Filter>
    </Image>
    <Image Include="Resources\player\right_with_full\player_move_with_full_right_001.bmp">
      <Filter>Resource Files</Filter>
    </Image>
    <Image Include="Resources\player\right_with_full\player_move_with_full_right_002.bmp">
      <Filter>Resource Files</Filter>
    </Image>
    <Image Include="Resources\player\right_with_full\player_move_with_full_right_003.bmp">
      <Filter>Resource Files</Filter>
    </Image>
    <Image Include="Resources\player\right_with_full\player_move_with_full_right_004.bmp">
      <Filter>Resource Files</Filter>
    </Image>
    <Image Include="Resources\player\right_with_full\player_move_with_full_right_005.bmp">
      <Filter>Resource Files</Filter>
    </Image>
    <Image Include="Resources\player\right_with_full\player_move_with_full_right_006.bmp">
      <Filter>Resource Files</Filter>
    </Image>
    <Image Include="Resources\player\right_with_full\player_move_with_full_right_007.bmp">
      <Filter>Resource Files</Filter>
    </Image>
    <Image Include="Resources\player\right_with_full\player_move_with_full_right_008.bmp">
      <Filter>Resource Files</Filter>
    </Image>
    <Image Include="Resources\player\up_with_full\player_move_with_full_up_001.bmp">
      <Filter>Resource Files</Filter>
    </Image>
    <Image Include="Resources\player\up_with_full\player_move_with_full_up_002.bmp">
      <Filter>Resource Files</Filter>
    </Image>
    <Image Include="Resources\player\up_with_full\player_move_with_full_up_003.bmp">
      <Filter>Resource Files</Filter>
    </Image>
    <Image Include="Resources\player\up_with_full\player_move_with_full_up_004.bmp">
      <Filter>Resource Files</Filter>
    </Image>
    <Image Include="Resources\player\up_with_full\player_move_with_full_up_005.bmp">
      <Filter>Resource Files</Filter>
    </Image>
    <Image Include="Resources\player\up_with_full\player_move_with_full_up_006.bmp">
      <Filter>Resource Files</Filter>
    </Image>
    <Image Include="Resources\player\up_with_full\player_move_with_full_up_007.bmp">
      <Filter>Resource Files</Filter>
    </Image>
    <Image Include="Resources\player\up_with_full\player_move_with_full_up_008.bmp">
      <Filter>Resource Files</Filter>
    </Image>
    <Image Include="Resources\player\down_with_full\player_move_with_full_down_001.bmp">
      <Filter>Resource Files</Filter>
    </Image>
    <Image Include="Resources\player\down_with_full\player_move_with_full_down_002.bmp">
      <Filter>Resource Files</Filter>
    </Image>
    <Image Include="Resources\player\down_with_full\player_move_with_full_down_003.bmp">
      <Filter>Resource Files</Filter>
    </Image>
    <Image Include="Resources\player\down_with_full\player_move_with_full_down_004.bmp">
      <Filter>Resource Files</Filter>
    </Image>
    <Image Include="Resources\player\down_with_full\player_move_with_full_down_005.bmp">
      <Filter>Resource Files</Filter>
    </Image>
    <Image Include="Resources\player\down_with_full\player_move_with_full_down_006.bmp">
      <Filter>Resource Files</Filter>
    </Image>
    <Image Include="Resources\player\down_with_full\player_move_with_full_down_007.bmp">
      <Filter>Resource Files</Filter>
    </Image>
    <Image Include="Resources\player\down_with_full\player_move_with_full_down_008.bmp">
      <Filter>Resource Files</Filter>
    </Image>
    <Image Include="Resources\player\eat_down\player_eat_down_001.bmp">
      <Filter>Resource Files</Filter>
    </Image>
    <Image Include="Resources\player\eat_down\player_eat_down_002.bmp">
      <Filter>Resource Files</Filter>
    </Image>
    <Image Include="Resources\player\eat_down\player_eat_down_003.bmp">
      <Filter>Resource Files</Filter>
    </Image>
    <Image Include="Resources\player\eat_down\player_eat_down_004.bmp">
      <Filter>Resource Files</Filter>
    </Image>
    <Image Include="Resources\player\eat_left\player_eat_left_001.bmp">
      <Filter>Resource Files</Filter>
    </Image>
    <Image Include="Resources\player\eat_left\player_eat_left_002.bmp">
      <Filter>Resource Files</Filter>
    </Image>
    <Image Include="Resources\player\eat_left\player_eat_left_003.bmp">
      <Filter>Resource Files</Filter>
    </Image>
    <Image Include="Resources\player\eat_left\player_eat_left_004.bmp">
      <Filter>Resource Files</Filter>
    </Image>
    <Image Include="Resources\player\eat_right\player_eat_right_001.bmp">
      <Filter>Resource Files</Filter>
    </Image>
    <Image Include="Resources\player\eat_right\player_eat_right_002.bmp">
      <Filter>Resource Files</Filter>
    </Image>
    <Image Include="Resources\player\eat_right\player_eat_right_003.bmp">
      <Filter>Resource Files</Filter>
    </Image>
    <Image Include="Resources\player\eat_right\player_eat_right_004.bmp">
      <Filter>Resource Files</Filter>
    </Image>
    <Image Include="Resources\player\eat_up\player_eat_up_001.bmp">
      <Filter>Resource Files</Filter>
    </Image>
    <Image Include="Resources\player\eat_up\player_eat_up_002.bmp">
      <Filter>Resource Files</Filter>
    </Image>
    <Image Include="Resources\player\eat_up\player_eat_up_003.bmp">
      <Filter>Resource Files</Filter>
    </Image>
    <Image Include="Resources\player\eat_up\player_eat_up_004.bmp">
      <Filter>Resource Files</Filter>
    </Image>
    <Image Include="Resources\mud\right\mud_move_right_000.bmp">
      <Filter>Resource Files</Filter>
    </Image>
    <Image Include="Resources\mud\right\mud_move_right_001.bmp">
      <Filter>Resource Files</Filter>
    </Image>
    <Image Include="Resources\mud\right\mud_move_right_002.bmp">
      <Filter>Resource Files</Filter>
    </Image>
    <Image Include="Resources\mud\right\mud_move_right_003.bmp">
      <Filter>Resource Files</Filter>
    </Image>
    <Image Include="Resources\mud\right\mud_move_right_004.bmp">
      <Filter>Resource Files</Filter>
    </Image>
    <Image Include="Resources\mud\right\mud_move_right_005.bmp">
      <Filter>Resource Files</Filter>
    </Image>
    <Image Include="Resources\mud\right\mud_move_right_006.bmp">
      <Filter>Resource Files</Filter>
    </Image>
    <Image Include="Resources\mud\right\mud_move_right_007.bmp">
      <Filter>Resource Files</Filter>
    </Image>
    <Image Include="Resources\mud\down\mud_move_down_000.bmp">
      <Filter>Resource Files</Filter>
    </Image>
    <Image Include="Resources\mud\down\mud_move_down_001.bmp">
      <Filter>Resource Files</Filter>
    </Image>
    <Image Include="Resources\mud\down\mud_move_down_002.bmp">
      <Filter>Resource Files</Filter>
    </Image>
    <Image Include="Resources\mud\down\mud_move_down_003.bmp">
      <Filter>Resource Files</Filter>
    </Image>
    <Image Include="Resources\mud\down\mud_move_down_004.bmp">
      <Filter>Resource Files</Filter>
    </Image>
    <Image Include="Resources\mud\down\mud_move_down_005.bmp">
      <Filter>Resource Files</Filter>
    </Image>
    <Image Include="Resources\mud\down\mud_move_down_006.bmp">
      <Filter>Resource Files</Filter>
    </Image>
    <Image Include="Resources\mud\down\mud_move_down_007.bmp">
      <Filter>Resource Files</Filter>
    </Image>
    <Image Include="Resources\mud\left\mud_move_left_000.bmp">
      <Filter>Resource Files</Filter>
    </Image>
    <Image Include="Resources\mud\left\mud_move_left_001.bmp">
      <Filter>Resource Files</Filter>
    </Image>
    <Image Include="Resources\mud\left\mud_move_left_002.bmp">
      <Filter>Resource Files</Filter>
    </Image>
    <Image Include="Resources\mud\left\mud_move_left_003.bmp">
      <Filter>Resource Files</Filter>
    </Image>
    <Image Include="Resources\mud\left\mud_move_left_004.bmp">
      <Filter>Resource Files</Filter>
    </Image>
    <Image Include="Resources\mud\left\mud_move_left_005.bmp">
      <Filter>Resource Files</Filter>
    </Image>
    <Image Include="Resources\mud\left\mud_move_left_006.bmp">
      <Filter>Resource Files</Filter>
    </Image>
    <Image Include="Resources\mud\left\mud_move_left_007.bmp">
      <Filter>Resource Files</Filter>
    </Image>
    <Image Include="Resources\mud\up\mud_move_up_000.bmp">
      <Filter>Resource Files</Filter>
    </Image>
    <Image Include="Resources\mud\up\mud_move_up_001.bmp">
      <Filter>Resource Files</Filter>
    </Image>
    <Image Include="Resources\mud\up\mud_move_up_002.bmp">
      <Filter>Resource Files</Filter>
    </Image>
    <Image Include="Resources\mud\up\mud_move_up_003.bmp">
      <Filter>Resource Files</Filter>
    </Image>
    <Image Include="Resources\mud\up\mud_move_up_004.bmp">
      <Filter>Resource Files</Filter>
    </Image>
    <Image Include="Resources\mud\up\mud_move_up_005.bmp">
      <Filter>Resource Files</Filter>
    </Image>
    <Image Include="Resources\mud\up\mud_move_up_006.bmp">
      <Filter>Resource Files</Filter>
    </Image>
    <Image Include="Resources\mud\up\mud_move_up_007.bmp">
      <Filter>Resource Files</Filter>
    </Image>
    <Image Include="Resources\brick\SteelBrick.bmp">
      <Filter>Resource Files</Filter>
    </Image>
    <Image Include="Resources\brick\WoodenBrick.bmp">
      <Filter>Resource Files</Filter>
    </Image>
    <Image Include="Resources\turtle\up\turtle_move_up_000.bmp">
      <Filter>Resource Files</Filter>
    </Image>
    <Image Include="Resources\turtle\up\turtle_move_up_001.bmp">
      <Filter>Resource Files</Filter>
    </Image>
    <Image Include="Resources\turtle\up\turtle_move_up_002.bmp">
      <Filter>Resource Files</Filter>
    </Image>
    <Image Include="Resources\turtle\up\turtle_move_up_003.bmp">
      <Filter>Resource Files</Filter>
    </Image>
    <Image Include="Resources\turtle\up\turtle_move_up_004.bmp">
      <Filter>Resource Files</Filter>
    </Image>
    <Image Include="Resources\turtle\up\turtle_move_up_005.bmp">
      <Filter>Resource Files</Filter>
    </Image>
    <Image Include="Resources\turtle\up\turtle_move_up_006.bmp">
      <Filter>Resource Files</Filter>
    </Image>
    <Image Include="Resources\turtle\up\turtle_move_up_007.bmp">
      <Filter>Resource Files</Filter>
    </Image>
    <Image Include="Resources\mud\hit_down\mud_hit_down_000.bmp">
      <Filter>Resource Files</Filter>
    </Image>
    <Image Include="Resources\mud\hit_down\mud_hit_down_001.bmp">
      <Filter>Resource Files</Filter>
    </Image>
    <Image Include="Resources\mud\hit_down\mud_hit_down_002.bmp">
      <Filter>Resource Files</Filter>
    </Image>
    <Image Include="Resources\mud\hit_down\mud_hit_down_003.bmp">
      <Filter>Resource Files</Filter>
    </Image>
    <Image Include="Resources\mud\hit_down\mud_hit_down_004.bmp">
      <Filter>Resource Files</Filter>
    </Image>
    <Image Include="Resources\mud\hit_down\mud_hit_down_005.bmp">
      <Filter>Resource Files</Filter>
    </Image>
    <Image Include="Resources\mud\hit_down\mud_hit_down_006.bmp">
      <Filter>Resource Files</Filter>
    </Image>
    <Image Include="Resources\mud\hit_down\mud_hit_down_007.bmp">
      <Filter>Resource Files</Filter>
    </Image>
    <Image Include="Resources\mud\hit_left\mud_hit_left_000.bmp">
      <Filter>Resource Files</Filter>
    </Image>
    <Image Include="Resources\mud\hit_left\mud_hit_left_001.bmp">
      <Filter>Resource Files</Filter>
    </Image>
    <Image Include="Resources\mud\hit_left\mud_hit_left_002.bmp">
      <Filter>Resource Files</Filter>
    </Image>
    <Image Include="Resources\mud\hit_left\mud_hit_left_003.bmp">
      <Filter>Resource Files</Filter>
    </Image>
    <Image Include="Resources\mud\hit_left\mud_hit_left_004.bmp">
      <Filter>Resource Files</Filter>
    </Image>
    <Image Include="Resources\mud\hit_left\mud_hit_left_005.bmp">
      <Filter>Resource Files</Filter>
    </Image>
    <Image Include="Resources\mud\hit_left\mud_hit_left_006.bmp">
      <Filter>Resource Files</Filter>
    </Image>
    <Image Include="Resources\mud\hit_left\mud_hit_left_007.bmp">
      <Filter>Resource Files</Filter>
    </Image>
    <Image Include="Resources\mud\hit_right\mud_hit_right_000.bmp">
      <Filter>Resource Files</Filter>
    </Image>
    <Image Include="Resources\mud\hit_right\mud_hit_right_001.bmp">
      <Filter>Resource Files</Filter>
    </Image>
    <Image Include="Resources\mud\hit_right\mud_hit_right_002.bmp">
      <Filter>Resource Files</Filter>
    </Image>
    <Image Include="Resources\mud\hit_right\mud_hit_right_003.bmp">
      <Filter>Resource Files</Filter>
    </Image>
    <Image Include="Resources\mud\hit_right\mud_hit_right_004.bmp">
      <Filter>Resource Files</Filter>
    </Image>
    <Image Include="Resources\mud\hit_right\mud_hit_right_005.bmp">
      <Filter>Resource Files</Filter>
    </Image>
    <Image Include="Resources\mud\hit_right\mud_hit_right_006.bmp">
      <Filter>Resource Files</Filter>
    </Image>
    <Image Include="Resources\mud\hit_right\mud_hit_right_007.bmp">
      <Filter>Resource Files</Filter>
    </Image>
    <Image Include="Resources\mud\hit_up\mud_hit_up_000.bmp">
      <Filter>Resource Files</Filter>
    </Image>
    <Image Include="Resources\mud\hit_up\mud_hit_up_001.bmp">
      <Filter>Resource Files</Filter>
    </Image>
    <Image Include="Resources\mud\hit_up\mud_hit_up_002.bmp">
      <Filter>Resource Files</Filter>
    </Image>
    <Image Include="Resources\mud\hit_up\mud_hit_up_003.bmp">
      <Filter>Resource Files</Filter>
    </Image>
    <Image Include="Resources\mud\hit_up\mud_hit_up_004.bmp">
      <Filter>Resource Files</Filter>
    </Image>
    <Image Include="Resources\mud\hit_up\mud_hit_up_005.bmp">
      <Filter>Resource Files</Filter>
    </Image>
    <Image Include="Resources\mud\hit_up\mud_hit_up_006.bmp">
      <Filter>Resource Files</Filter>
    </Image>
    <Image Include="Resources\mud\hit_up\mud_hit_up_007.bmp">
      <Filter>Resource Files</Filter>
    </Image>
    <Image Include="Resources\turtle\down\turtle_move_down_000.bmp">
      <Filter>Resource Files</Filter>
    </Image>
    <Image Include="Resources\turtle\down\turtle_move_down_001.bmp">
      <Filter>Resource Files</Filter>
    </Image>
    <Image Include="Resources\turtle\down\turtle_move_down_002.bmp">
      <Filter>Resource Files</Filter>
    </Image>
    <Image Include="Resources\turtle\down\turtle_move_down_003.bmp">
      <Filter>Resource Files</Filter>
    </Image>
    <Image Include="Resources\turtle\down\turtle_move_down_004.bmp">
      <Filter>Resource Files</Filter>
    </Image>
    <Image Include="Resources\turtle\down\turtle_move_down_005.bmp">
      <Filter>Resource Files</Filter>
    </Image>
    <Image Include="Resources\turtle\down\turtle_move_down_006.bmp">
      <Filter>Resource Files</Filter>
    </Image>
    <Image Include="Resources\turtle\down\turtle_move_down_007.bmp">
      <Filter>Resource Files</Filter>
    </Image>
    <Image Include="Resources\turtle\left\turtle_move_left_000.bmp">
      <Filter>Resource Files</Filter>
    </Image>
    <Image Include="Resources\turtle\left\turtle_move_left_001.bmp">
      <Filter>Resource Files</Filter>
    </Image>
    <Image Include="Resources\turtle\left\turtle_move_left_002.bmp">
      <Filter>Resource Files</Filter>
    </Image>
    <Image Include="Resources\turtle\left\turtle_move_left_003.bmp">
      <Filter>Resource Files</Filter>
    </Image>
    <Image Include="Resources\turtle\left\turtle_move_left_004.bmp">
      <Filter>Resource Files</Filter>
    </Image>
    <Image Include="Resources\turtle\left\turtle_move_left_005.bmp">
      <Filter>Resource Files</Filter>
    </Image>
    <Image Include="Resources\turtle\left\turtle_move_left_006.bmp">
      <Filter>Resource Files</Filter>
    </Image>
    <Image Include="Resources\turtle\left\turtle_move_left_007.bmp">
      <Filter>Resource Files</Filter>
    </Image>
    <Image Include="Resources\turtle\right\turtle_move_right_000.bmp">
      <Filter>Resource Files</Filter>
    </Image>
    <Image Include="Resources\turtle\right\turtle_move_right_001.bmp">
      <Filter>Resource Files</Filter>
    </Image>
    <Image Include="Resources\turtle\right\turtle_move_right_002.bmp">
      <Filter>Resource Files</Filter>
    </Image>
    <Image Include="Resources\turtle\right\turtle_move_right_003.bmp">
      <Filter>Resource Files</Filter>
    </Image>
    <Image Include="Resources\turtle\right\turtle_move_right_004.bmp">
      <Filter>Resource Files</Filter>
    </Image>
    <Image Include="Resources\turtle\right\turtle_move_right_005.bmp">
      <Filter>Resource Files</Filter>
    </Image>
    <Image Include="Resources\turtle\right\turtle_move_right_006.bmp">
      <Filter>Resource Files</Filter>
    </Image>
    <Image Include="Resources\turtle\right\turtle_move_right_007.bmp">
      <Filter>Resource Files</Filter>
    </Image>
    <Image Include="Resources\food\Apple.bmp">
      <Filter>Resource Files</Filter>
    </Image>
    <Image Include="Resources\food\Bread.bmp">
      <Filter>Resource Files</Filter>
    </Image>
    <Image Include="Resources\food\Carrot.bmp">
      <Filter>Resource Files</Filter>
    </Image>
    <Image Include="Resources\food\Egg.bmp">
      <Filter>Resource Files</Filter>
    </Image>
    <Image Include="Resources\food\Grape.bmp">
      <Filter>Resource Files</Filter>
    </Image>
    <Image Include="Resources\food\Mutton.bmp">
      <Filter>Resource Files</Filter>
    </Image>
    <Image Include="Resources\food\Pie.bmp">
      <Filter>Resource Files</Filter>
    </Image>
    <Image Include="Resources\food\Tomato.bmp">
      <Filter>Resource Files</Filter>
    </Image>
    <Image Include="Resources\food\Turkey.bmp">
      <Filter>Resource Files</Filter>
    </Image>
    <Image Include="Resources\start\cover.bmp">
      <Filter>Resource Files</Filter>
    </Image>
    <Image Include="Resources\start\play.bmp">
      <Filter>Resource Files</Filter>
    </Image>
    <Image Include="Resources\start\music.bmp">
      <Filter>Resource Files</Filter>
    </Image>
    <Image Include="Resources\start\sound.bmp">
      <Filter>Resource Files</Filter>
    </Image>
    <Image Include="Resources\start\cross.bmp">
      <Filter>Resource Files</Filter>
    </Image>
    <Image Include="Resources\player\success\player_success_001.bmp">
      <Filter>Resource Files</Filter>
    </Image>
    <Image Include="Resources\player\success\player_success_002.bmp">
      <Filter>Resource Files</Filter>
    </Image>
    <Image Include="Resources\player\success\player_success_003.bmp">
      <Filter>Resource Files</Filter>
    </Image>
    <Image Include="Resources\player\success\player_success_004.bmp">
      <Filter>Resource Files</Filter>
    </Image>
    <Image Include="Resources\player\success\player_success_005.bmp">
      <Filter>Resource Files</Filter>
    </Image>
    <Image Include="Resources\player\success\player_success_006.bmp">
      <Filter>Resource Files</Filter>
    </Image>
    <Image Include="Resources\player\fail\player_fail_001.bmp">
      <Filter>Resource Files</Filter>
    </Image>
    <Image Include="Resources\player\fail\player_fail_002.bmp">
      <Filter>Resource Files</Filter>
    </Image>
    <Image Include="Resources\player\fail\player_fail_003.bmp">
      <Filter>Resource Files</Filter>
    </Image>
    <Image Include="Resources\turtle\rest\turtle_rest_right.bmp">
      <Filter>Resource Files</Filter>
    </Image>
    <Image Include="Resources\turtle\rest\turtle_rest_left.bmp">
      <Filter>Resource Files</Filter>
    </Image>
    <Image Include="Resources\turtle\rest\turtle_rest_up.bmp">
      <Filter>Resource Files</Filter>
    </Image>
    <Image Include="Resources\turtle\rest\turtle_rest_down.bmp">
      <Filter>Resource Files</Filter>
    </Image>
    <Image Include="Resources\turtle\hit_right\turtle_hit_right_000.bmp">
      <Filter>Resource Files</Filter>
    </Image>
    <Image Include="Resources\turtle\hit_right\turtle_hit_right_001.bmp">
      <Filter>Resource Files</Filter>
    </Image>
    <Image Include="Resources\turtle\hit_right\turtle_hit_right_002.bmp">
      <Filter>Resource Files</Filter>
    </Image>
    <Image Include="Resources\turtle\hit_right\turtle_hit_right_003.bmp">
      <Filter>Resource Files</Filter>
    </Image>
    <Image Include="Resources\turtle\hit_right\turtle_hit_right_004.bmp">
      <Filter>Resource Files</Filter>
    </Image>
    <Image Include="Resources\turtle\hit_right\turtle_hit_right_005.bmp">
      <Filter>Resource Files</Filter>
    </Image>
    <Image Include="Resources\turtle\hit_right\turtle_hit_right_006.bmp">
      <Filter>Resource Files</Filter>
    </Image>
    <Image Include="Resources\turtle\hit_right\turtle_hit_right_007.bmp">
      <Filter>Resource Files</Filter>
    </Image>
    <Image Include="Resources\turtle\hit_left\turtle_hit_left_000.bmp">
      <Filter>Resource Files</Filter>
    </Image>
    <Image Include="Resources\turtle\hit_left\turtle_hit_left_001.bmp">
      <Filter>Resource Files</Filter>
    </Image>
    <Image Include="Resources\turtle\hit_left\turtle_hit_left_002.bmp">
      <Filter>Resource Files</Filter>
    </Image>
    <Image Include="Resources\turtle\hit_left\turtle_hit_left_003.bmp">
      <Filter>Resource Files</Filter>
    </Image>
    <Image Include="Resources\turtle\hit_left\turtle_hit_left_004.bmp">
      <Filter>Resource Files</Filter>
    </Image>
    <Image Include="Resources\turtle\hit_left\turtle_hit_left_005.bmp">
      <Filter>Resource Files</Filter>
    </Image>
    <Image Include="Resources\turtle\hit_left\turtle_hit_left_006.bmp">
      <Filter>Resource Files</Filter>
    </Image>
    <Image Include="Resources\turtle\hit_left\turtle_hit_left_007.bmp">
      <Filter>Resource Files</Filter>
    </Image>
    <Image Include="Resources\turtle\hit_down\turtle_hit_down_000.bmp">
      <Filter>Resource Files</Filter>
    </Image>
    <Image Include="Resources\turtle\hit_down\turtle_hit_down_001.bmp">
      <Filter>Resource Files</Filter>
    </Image>
    <Image Include="Resources\turtle\hit_down\turtle_hit_down_002.bmp">
      <Filter>Resource Files</Filter>
    </Image>
    <Image Include="Resources\turtle\hit_down\turtle_hit_down_003.bmp">
      <Filter>Resource Files</Filter>
    </Image>
    <Image Include="Resources\turtle\hit_down\turtle_hit_down_004.bmp">
      <Filter>Resource Files</Filter>
    </Image>
    <Image Include="Resources\turtle\hit_down\turtle_hit_down_005.bmp">
      <Filter>Resource Files</Filter>
    </Image>
    <Image Include="Resources\turtle\hit_down\turtle_hit_down_006.bmp">
      <Filter>Resource Files</Filter>
    </Image>
    <Image Include="Resources\turtle\hit_down\turtle_hit_down_007.bmp">
      <Filter>Resource Files</Filter>
    </Image>
    <Image Include="Resources\turtle\hit_up\turtle_hit_up_000.bmp">
      <Filter>Resource Files</Filter>
    </Image>
    <Image Include="Resources\turtle\hit_up\turtle_hit_up_001.bmp">
      <Filter>Resource Files</Filter>
    </Image>
    <Image Include="Resources\turtle\hit_up\turtle_hit_up_002.bmp">
      <Filter>Resource Files</Filter>
    </Image>
    <Image Include="Resources\turtle\hit_up\turtle_hit_up_003.bmp">
      <Filter>Resource Files</Filter>
    </Image>
    <Image Include="Resources\turtle\hit_up\turtle_hit_up_004.bmp">
      <Filter>Resource Files</Filter>
    </Image>
    <Image Include="Resources\turtle\hit_up\turtle_hit_up_005.bmp">
      <Filter>Resource Files</Filter>
    </Image>
    <Image Include="Resources\turtle\hit_up\turtle_hit_up_006.bmp">
      <Filter>Resource Files</Filter>
    </Image>
    <Image Include="Resources\turtle\hit_up\turtle_hit_up_007.bmp">
      <Filter>Resource Files</Filter>
    </Image>
  </ItemGroup>
</Project>